
Microsoft Visual Studio Solution File, Format Version 12.00
# Visual Studio 15
VisualStudioVersion = 15.0.27703.2042
MinimumVisualStudioVersion = 10.0.40219.1
Project("{FAE04EC0-301F-11D3-BF4B-00C04F79EFBC}") = "App.Core", "App.Core\App.Core.csproj", "{2B31FC8B-D091-4DE1-95EE-51EA1CFB0144}"
EndProject
Project("{FAE04EC0-301F-11D3-BF4B-00C04F79EFBC}") = "App.Android", "App.Android\App.Android.csproj", "{F88944CC-45F7-4315-B188-A7EAC8B14B9A}"
EndProject
Project("{FAE04EC0-301F-11D3-BF4B-00C04F79EFBC}") = "App.Core.Tests", "App.Core.Tests\App.Core.Tests.csproj", "{631B58C6-709B-4A0B-9F2B-DEF40A7532F7}"
EndProject
Global
	GlobalSection(SolutionConfigurationPlatforms) = preSolution
		Debug|Any CPU = Debug|Any CPU
		Release|Any CPU = Release|Any CPU
	EndGlobalSection
	GlobalSection(ProjectConfigurationPlatforms) = postSolution
		{2B31FC8B-D091-4DE1-95EE-51EA1CFB0144}.Debug|Any CPU.ActiveCfg = Debug|Any CPU
		{2B31FC8B-D091-4DE1-95EE-51EA1CFB0144}.Debug|Any CPU.Build.0 = Debug|Any CPU
		{2B31FC8B-D091-4DE1-95EE-51EA1CFB0144}.Release|Any CPU.ActiveCfg = Release|Any CPU
		{2B31FC8B-D091-4DE1-95EE-51EA1CFB0144}.Release|Any CPU.Build.0 = Release|Any CPU
		{F88944CC-45F7-4315-B188-A7EAC8B14B9A}.Debug|Any CPU.ActiveCfg = Debug|Any CPU
		{F88944CC-45F7-4315-B188-A7EAC8B14B9A}.Debug|Any CPU.Build.0 = Debug|Any CPU
		{F88944CC-45F7-4315-B188-A7EAC8B14B9A}.Debug|Any CPU.Deploy.0 = Debug|Any CPU
		{F88944CC-45F7-4315-B188-A7EAC8B14B9A}.Release|Any CPU.ActiveCfg = Release|Any CPU
		{F88944CC-45F7-4315-B188-A7EAC8B14B9A}.Release|Any CPU.Build.0 = Release|Any CPU
		{F88944CC-45F7-4315-B188-A7EAC8B14B9A}.Release|Any CPU.Deploy.0 = Release|Any CPU
		{631B58C6-709B-4A0B-9F2B-DEF40A7532F7}.Debug|Any CPU.ActiveCfg = Debug|Any CPU
		{631B58C6-709B-4A0B-9F2B-DEF40A7532F7}.Debug|Any CPU.Build.0 = Debug|Any CPU
		{631B58C6-709B-4A0B-9F2B-DEF40A7532F7}.Release|Any CPU.ActiveCfg = Release|Any CPU
		{631B58C6-709B-4A0B-9F2B-DEF40A7532F7}.Release|Any CPU.Build.0 = Release|Any CPU
	EndGlobalSection
	GlobalSection(SolutionProperties) = preSolution
		HideSolutionNode = FALSE
	EndGlobalSection
	GlobalSection(ExtensibilityGlobals) = postSolution
		SolutionGuid = {EFF2EE10-EA18-44BB-9CBB-BB0CC0A799DE}
	EndGlobalSection
EndGlobal
